
Microsoft Visual Studio Solution File, Format Version 12.00
# Visual Studio Version 16
VisualStudioVersion = 16.0.30709.132
MinimumVisualStudioVersion = 10.0.40219.1
Project("{9A19103F-16F7-4668-BE54-9A1E7A4F7556}") = "BusinessLayer", "BusinessLayer\BusinessLayer.csproj", "{48872CC1-90C0-4D86-B3DF-9C6738AD181D}"
EndProject
Project("{9A19103F-16F7-4668-BE54-9A1E7A4F7556}") = "DataAccsessLayer", "DataAccsessLayer\DataAccsessLayer.csproj", "{E628CD60-1940-442C-8841-B980A9C397BB}"
EndProject
Project("{9A19103F-16F7-4668-BE54-9A1E7A4F7556}") = "SharedLayer", "SharedLayer\SharedLayer.csproj", "{C090051C-7E01-4A9D-820C-59224C76385C}"
EndProject
Project("{9A19103F-16F7-4668-BE54-9A1E7A4F7556}") = "EntityLayer", "EntityLayer\EntityLayer.csproj", "{C0B612C5-DE82-4849-BCD2-306C067DDEA3}"
EndProject
Project("{FAE04EC0-301F-11D3-BF4B-00C04F79EFBC}") = "RobotMaintenanceMvc", "RobotMaintenanceMvc\RobotMaintenanceMvc.csproj", "{E81F271E-001F-471E-82F8-1118D4A4BD26}"
EndProject
Global
	GlobalSection(SolutionConfigurationPlatforms) = preSolution
		Debug|Any CPU = Debug|Any CPU
		Release|Any CPU = Release|Any CPU
	EndGlobalSection
	GlobalSection(ProjectConfigurationPlatforms) = postSolution
		{48872CC1-90C0-4D86-B3DF-9C6738AD181D}.Debug|Any CPU.ActiveCfg = Debug|Any CPU
		{48872CC1-90C0-4D86-B3DF-9C6738AD181D}.Debug|Any CPU.Build.0 = Debug|Any CPU
		{48872CC1-90C0-4D86-B3DF-9C6738AD181D}.Release|Any CPU.ActiveCfg = Release|Any CPU
		{48872CC1-90C0-4D86-B3DF-9C6738AD181D}.Release|Any CPU.Build.0 = Release|Any CPU
		{E628CD60-1940-442C-8841-B980A9C397BB}.Debug|Any CPU.ActiveCfg = Debug|Any CPU
		{E628CD60-1940-442C-8841-B980A9C397BB}.Debug|Any CPU.Build.0 = Debug|Any CPU
		{E628CD60-1940-442C-8841-B980A9C397BB}.Release|Any CPU.ActiveCfg = Release|Any CPU
		{E628CD60-1940-442C-8841-B980A9C397BB}.Release|Any CPU.Build.0 = Release|Any CPU
		{C090051C-7E01-4A9D-820C-59224C76385C}.Debug|Any CPU.ActiveCfg = Debug|Any CPU
		{C090051C-7E01-4A9D-820C-59224C76385C}.Debug|Any CPU.Build.0 = Debug|Any CPU
		{C090051C-7E01-4A9D-820C-59224C76385C}.Release|Any CPU.ActiveCfg = Release|Any CPU
		{C090051C-7E01-4A9D-820C-59224C76385C}.Release|Any CPU.Build.0 = Release|Any CPU
		{C0B612C5-DE82-4849-BCD2-306C067DDEA3}.Debug|Any CPU.ActiveCfg = Debug|Any CPU
		{C0B612C5-DE82-4849-BCD2-306C067DDEA3}.Debug|Any CPU.Build.0 = Debug|Any CPU
		{C0B612C5-DE82-4849-BCD2-306C067DDEA3}.Release|Any CPU.ActiveCfg = Release|Any CPU
		{C0B612C5-DE82-4849-BCD2-306C067DDEA3}.Release|Any CPU.Build.0 = Release|Any CPU
		{E81F271E-001F-471E-82F8-1118D4A4BD26}.Debug|Any CPU.ActiveCfg = Debug|Any CPU
		{E81F271E-001F-471E-82F8-1118D4A4BD26}.Debug|Any CPU.Build.0 = Debug|Any CPU
		{E81F271E-001F-471E-82F8-1118D4A4BD26}.Release|Any CPU.ActiveCfg = Release|Any CPU
		{E81F271E-001F-471E-82F8-1118D4A4BD26}.Release|Any CPU.Build.0 = Release|Any CPU
	EndGlobalSection
	GlobalSection(SolutionProperties) = preSolution
		HideSolutionNode = FALSE
	EndGlobalSection
	GlobalSection(ExtensibilityGlobals) = postSolution
		SolutionGuid = {0EA70AFC-69D5-463C-B2A2-F6DBBD1BA448}
	EndGlobalSection
EndGlobal
